
Microsoft Visual Studio Solution File, Format Version 12.00
# Visual Studio Version 17
VisualStudioVersion = 17.9.34701.34
MinimumVisualStudioVersion = 10.0.40219.1
Project("{9A19103F-16F7-4668-BE54-9A1E7A4F7556}") = "QUESTAO.01", "QUESTAO.01\QUESTAO.01.csproj", "{2DA958DA-7C27-41E0-8D80-90B540A00408}"
EndProject
Project("{9A19103F-16F7-4668-BE54-9A1E7A4F7556}") = "QUESTAO.02", "QUESTAO.02\QUESTAO.02.csproj", "{20E2C854-BDEC-474C-9988-BE62CADA6A7B}"
EndProject
Project("{9A19103F-16F7-4668-BE54-9A1E7A4F7556}") = "QUESTAO.04", "QUESTAO.04\QUESTAO.04.csproj", "{E0A4876F-E36D-49F6-91A0-C90B6AFBB9A9}"
EndProject
Project("{9A19103F-16F7-4668-BE54-9A1E7A4F7556}") = "QUESTAO.05", "QUESTAO.05\QUESTAO.05.csproj", "{C03B6290-7BCC-4D2E-9219-AB4F7DF676CB}"
EndProject
Project("{2150E333-8FDC-42A3-9474-1A3956D46DE8}") = "Solution Items", "Solution Items", "{AD0472C9-A371-4875-A9C9-6BFF54D16696}"
	ProjectSection(SolutionItems) = preProject
		.editorconfig = .editorconfig
	EndProjectSection
EndProject
Project("{9A19103F-16F7-4668-BE54-9A1E7A4F7556}") = "QUESTAO.06", "QUESTAO.06\QUESTAO.06.csproj", "{D4E2E051-B081-4E6D-9CA2-99784F301AA8}"
EndProject
Project("{FAE04EC0-301F-11D3-BF4B-00C04F79EFBC}") = "QUESTAO.03", "QUESTAO.03\QUESTAO.03.csproj", "{346396BC-2834-4BF9-B62F-221972ACE136}"
EndProject
Global
	GlobalSection(SolutionConfigurationPlatforms) = preSolution
		Debug|Any CPU = Debug|Any CPU
		Release|Any CPU = Release|Any CPU
	EndGlobalSection
	GlobalSection(ProjectConfigurationPlatforms) = postSolution
		{2DA958DA-7C27-41E0-8D80-90B540A00408}.Debug|Any CPU.ActiveCfg = Debug|Any CPU
		{2DA958DA-7C27-41E0-8D80-90B540A00408}.Debug|Any CPU.Build.0 = Debug|Any CPU
		{2DA958DA-7C27-41E0-8D80-90B540A00408}.Release|Any CPU.ActiveCfg = Release|Any CPU
		{2DA958DA-7C27-41E0-8D80-90B540A00408}.Release|Any CPU.Build.0 = Release|Any CPU
		{20E2C854-BDEC-474C-9988-BE62CADA6A7B}.Debug|Any CPU.ActiveCfg = Debug|Any CPU
		{20E2C854-BDEC-474C-9988-BE62CADA6A7B}.Debug|Any CPU.Build.0 = Debug|Any CPU
		{20E2C854-BDEC-474C-9988-BE62CADA6A7B}.Release|Any CPU.ActiveCfg = Release|Any CPU
		{20E2C854-BDEC-474C-9988-BE62CADA6A7B}.Release|Any CPU.Build.0 = Release|Any CPU
		{E0A4876F-E36D-49F6-91A0-C90B6AFBB9A9}.Debug|Any CPU.ActiveCfg = Debug|Any CPU
		{E0A4876F-E36D-49F6-91A0-C90B6AFBB9A9}.Debug|Any CPU.Build.0 = Debug|Any CPU
		{E0A4876F-E36D-49F6-91A0-C90B6AFBB9A9}.Release|Any CPU.ActiveCfg = Release|Any CPU
		{E0A4876F-E36D-49F6-91A0-C90B6AFBB9A9}.Release|Any CPU.Build.0 = Release|Any CPU
		{C03B6290-7BCC-4D2E-9219-AB4F7DF676CB}.Debug|Any CPU.ActiveCfg = Debug|Any CPU
		{C03B6290-7BCC-4D2E-9219-AB4F7DF676CB}.Debug|Any CPU.Build.0 = Debug|Any CPU
		{C03B6290-7BCC-4D2E-9219-AB4F7DF676CB}.Release|Any CPU.ActiveCfg = Release|Any CPU
		{C03B6290-7BCC-4D2E-9219-AB4F7DF676CB}.Release|Any CPU.Build.0 = Release|Any CPU
		{D4E2E051-B081-4E6D-9CA2-99784F301AA8}.Debug|Any CPU.ActiveCfg = Debug|Any CPU
		{D4E2E051-B081-4E6D-9CA2-99784F301AA8}.Debug|Any CPU.Build.0 = Debug|Any CPU
		{D4E2E051-B081-4E6D-9CA2-99784F301AA8}.Release|Any CPU.ActiveCfg = Release|Any CPU
		{D4E2E051-B081-4E6D-9CA2-99784F301AA8}.Release|Any CPU.Build.0 = Release|Any CPU
		{346396BC-2834-4BF9-B62F-221972ACE136}.Debug|Any CPU.ActiveCfg = Debug|Any CPU
		{346396BC-2834-4BF9-B62F-221972ACE136}.Debug|Any CPU.Build.0 = Debug|Any CPU
		{346396BC-2834-4BF9-B62F-221972ACE136}.Release|Any CPU.ActiveCfg = Release|Any CPU
		{346396BC-2834-4BF9-B62F-221972ACE136}.Release|Any CPU.Build.0 = Release|Any CPU
	EndGlobalSection
	GlobalSection(SolutionProperties) = preSolution
		HideSolutionNode = FALSE
	EndGlobalSection
	GlobalSection(ExtensibilityGlobals) = postSolution
		SolutionGuid = {98249239-E847-448D-9C6E-06E1994E1B6B}
	EndGlobalSection
EndGlobal
